
Microsoft Visual Studio Solution File, Format Version 12.00
# Visual Studio Version 16
VisualStudioVersion = 16.0.30204.135
MinimumVisualStudioVersion = 10.0.40219.1
Project("{FAE04EC0-301F-11D3-BF4B-00C04F79EFBC}") = "RBookShop", "RBookShop\RBookShop.csproj", "{4E4AC319-435F-4EE0-B652-606436A61EFE}"
EndProject
Global
	GlobalSection(SolutionConfigurationPlatforms) = preSolution
		Debug|Any CPU = Debug|Any CPU
		Release|Any CPU = Release|Any CPU
	EndGlobalSection
	GlobalSection(ProjectConfigurationPlatforms) = postSolution
		{4E4AC319-435F-4EE0-B652-606436A61EFE}.Debug|Any CPU.ActiveCfg = Debug|Any CPU
		{4E4AC319-435F-4EE0-B652-606436A61EFE}.Debug|Any CPU.Build.0 = Debug|Any CPU
		{4E4AC319-435F-4EE0-B652-606436A61EFE}.Release|Any CPU.ActiveCfg = Release|Any CPU
		{4E4AC319-435F-4EE0-B652-606436A61EFE}.Release|Any CPU.Build.0 = Release|Any CPU
	EndGlobalSection
	GlobalSection(SolutionProperties) = preSolution
		HideSolutionNode = FALSE
	EndGlobalSection
	GlobalSection(ExtensibilityGlobals) = postSolution
		SolutionGuid = {7A1ACE31-D161-48C7-9026-CCDC5237448B}
	EndGlobalSection
EndGlobal
